
Microsoft Visual Studio Solution File, Format Version 12.00
# Visual Studio Version 17
VisualStudioVersion = 17.7.34024.191
MinimumVisualStudioVersion = 10.0.40219.1
Project("{9A19103F-16F7-4668-BE54-9A1E7A4F7556}") = "APproject", "APproject\APproject.csproj", "{1F23CC95-9F7B-407A-922B-959908018BF9}"
EndProject
Project("{2150E333-8FDC-42A3-9474-1A3956D46DE8}") = "Solution Items", "Solution Items", "{7CB911B3-EAEC-4D5A-9A5D-ACC26EC7E241}"
	ProjectSection(SolutionItems) = preProject
		Class1.cs = Class1.cs
	EndProjectSection
EndProject
Global
	GlobalSection(SolutionConfigurationPlatforms) = preSolution
		Debug|Any CPU = Debug|Any CPU
		Release|Any CPU = Release|Any CPU
	EndGlobalSection
	GlobalSection(ProjectConfigurationPlatforms) = postSolution
		{1F23CC95-9F7B-407A-922B-959908018BF9}.Debug|Any CPU.ActiveCfg = Debug|Any CPU
		{1F23CC95-9F7B-407A-922B-959908018BF9}.Debug|Any CPU.Build.0 = Debug|Any CPU
		{1F23CC95-9F7B-407A-922B-959908018BF9}.Release|Any CPU.ActiveCfg = Release|Any CPU
		{1F23CC95-9F7B-407A-922B-959908018BF9}.Release|Any CPU.Build.0 = Release|Any CPU
	EndGlobalSection
	GlobalSection(SolutionProperties) = preSolution
		HideSolutionNode = FALSE
	EndGlobalSection
	GlobalSection(ExtensibilityGlobals) = postSolution
		SolutionGuid = {3B4405C4-EB67-4677-ADCE-B99F25A692EE}
	EndGlobalSection
EndGlobal
